
Microsoft Visual Studio Solution File, Format Version 12.00
# Visual Studio Version 17
VisualStudioVersion = 17.8.34316.72
MinimumVisualStudioVersion = 10.0.40219.1
Project("{FAE04EC0-301F-11D3-BF4B-00C04F79EFBC}") = "mcapp", "mcapp\mcapp.csproj", "{2D7EE90E-5A89-4FB6-BFBF-D1E37183D752}"
EndProject
Global
	GlobalSection(SolutionConfigurationPlatforms) = preSolution
		Debug|Any CPU = Debug|Any CPU
		Release|Any CPU = Release|Any CPU
	EndGlobalSection
	GlobalSection(ProjectConfigurationPlatforms) = postSolution
		{2D7EE90E-5A89-4FB6-BFBF-D1E37183D752}.Debug|Any CPU.ActiveCfg = Debug|Any CPU
		{2D7EE90E-5A89-4FB6-BFBF-D1E37183D752}.Debug|Any CPU.Build.0 = Debug|Any CPU
		{2D7EE90E-5A89-4FB6-BFBF-D1E37183D752}.Release|Any CPU.ActiveCfg = Release|Any CPU
		{2D7EE90E-5A89-4FB6-BFBF-D1E37183D752}.Release|Any CPU.Build.0 = Release|Any CPU
	EndGlobalSection
	GlobalSection(SolutionProperties) = preSolution
		HideSolutionNode = FALSE
	EndGlobalSection
	GlobalSection(ExtensibilityGlobals) = postSolution
		SolutionGuid = {283C77DE-4ABF-428D-941E-35E4995D1287}
	EndGlobalSection
EndGlobal
